// !$*UTF8*$!
{
	archiveVersion = 1;
	classes = {
	};
	objectVersion = 48;
	objects = {

/* Begin PBXBuildFile section */
		CA4345A91F9C18FE008E24C3 /* AppDelegate.swift in Sources */ = {isa = PBXBuildFile; fileRef = CA4345A81F9C18FE008E24C3 /* AppDelegate.swift */; };
		CA4345AB1F9C18FE008E24C3 /* CameraVC.swift in Sources */ = {isa = PBXBuildFile; fileRef = CA4345AA1F9C18FE008E24C3 /* CameraVC.swift */; };
		CA4345AE1F9C18FE008E24C3 /* Main.storyboard in Resources */ = {isa = PBXBuildFile; fileRef = CA4345AC1F9C18FE008E24C3 /* Main.storyboard */; };
		CA4345B01F9C18FE008E24C3 /* Assets.xcassets in Resources */ = {isa = PBXBuildFile; fileRef = CA4345AF1F9C18FE008E24C3 /* Assets.xcassets */; };
		CA4345B31F9C18FE008E24C3 /* LaunchScreen.storyboard in Resources */ = {isa = PBXBuildFile; fileRef = CA4345B11F9C18FE008E24C3 /* LaunchScreen.storyboard */; };
		CA4345BE1F9C196F008E24C3 /* RoundedShadowView.swift in Sources */ = {isa = PBXBuildFile; fileRef = CA4345BD1F9C196F008E24C3 /* RoundedShadowView.swift */; };
		CA4345C01F9C1983008E24C3 /* RoundedShadowButton.swift in Sources */ = {isa = PBXBuildFile; fileRef = CA4345BF1F9C1983008E24C3 /* RoundedShadowButton.swift */; };
		CA4345C21F9C19A0008E24C3 /* RoundedShadowImageView.swift in Sources */ = {isa = PBXBuildFile; fileRef = CA4345C11F9C19A0008E24C3 /* RoundedShadowImageView.swift */; };
		CA86DA6B1FA8DBD0005E720E /* .gitignore in Resources */ = {isa = PBXBuildFile; fileRef = CA86DA6A1FA8DBD0005E720E /* .gitignore */; };
		CA9022D71F9C1DE7001D308C /* SqueezeNet.mlmodel in Sources */ = {isa = PBXBuildFile; fileRef = CA9022D61F9C1DE7001D308C /* SqueezeNet.mlmodel */; };
		CA9022DA1F9C25C1001D308C /* Constants.swift in Sources */ = {isa = PBXBuildFile; fileRef = CA9022D91F9C25C1001D308C /* Constants.swift */; };
/* End PBXBuildFile section */

/* Begin PBXFileReference section */
		CA4345A51F9C18FD008E24C3 /* ImageVision.app */ = {isa = PBXFileReference; explicitFileType = wrapper.application; includeInIndex = 0; path = ImageVision.app; sourceTree = BUILT_PRODUCTS_DIR; };
		CA4345A81F9C18FE008E24C3 /* AppDelegate.swift */ = {isa = PBXFileReference; lastKnownFileType = sourcecode.swift; path = AppDelegate.swift; sourceTree = "<group>"; };
		CA4345AA1F9C18FE008E24C3 /* CameraVC.swift */ = {isa = PBXFileReference; lastKnownFileType = sourcecode.swift; path = CameraVC.swift; sourceTree = "<group>"; };
		CA4345AD1F9C18FE008E24C3 /* Base */ = {isa = PBXFileReference; lastKnownFileType = file.storyboard; name = Base; path = Base.lproj/Main.storyboard; sourceTree = "<group>"; };
		CA4345AF1F9C18FE008E24C3 /* Assets.xcassets */ = {isa = PBXFileReference; lastKnownFileType = folder.assetcatalog; path = Assets.xcassets; sourceTree = "<group>"; };
		CA4345B21F9C18FE008E24C3 /* Base */ = {isa = PBXFileReference; lastKnownFileType = file.storyboard; name = Base; path = Base.lproj/LaunchScreen.storyboard; sourceTree = "<group>"; };
		CA4345B41F9C18FE008E24C3 /* Info.plist */ = {isa = PBXFileReference; lastKnownFileType = text.plist.xml; path = Info.plist; sourceTree = "<group>"; };
		CA4345BD1F9C196F008E24C3 /* RoundedShadowView.swift */ = {isa = PBXFileReference; lastKnownFileType = sourcecode.swift; path = RoundedShadowView.swift; sourceTree = "<group>"; };
		CA4345BF1F9C1983008E24C3 /* RoundedShadowButton.swift */ = {isa = PBXFileReference; lastKnownFileType = sourcecode.swift; path = RoundedShadowButton.swift; sourceTree = "<group>"; };
		CA4345C11F9C19A0008E24C3 /* RoundedShadowImageView.swift */ = {isa = PBXFileReference; lastKnownFileType = sourcecode.swift; path = RoundedShadowImageView.swift; sourceTree = "<group>"; };
		CA86DA6A1FA8DBD0005E720E /* .gitignore */ = {isa = PBXFileReference; lastKnownFileType = text; path = .gitignore; sourceTree = "<group>"; };
		CA9022D61F9C1DE7001D308C /* SqueezeNet.mlmodel */ = {isa = PBXFileReference; lastKnownFileType = file.mlmodel; path = SqueezeNet.mlmodel; sourceTree = "<group>"; };
		CA9022D91F9C25C1001D308C /* Constants.swift */ = {isa = PBXFileReference; lastKnownFileType = sourcecode.swift; path = Constants.swift; sourceTree = "<group>"; };
/* End PBXFileReference section */

/* Begin PBXFrameworksBuildPhase section */
		CA4345A21F9C18FD008E24C3 /* Frameworks */ = {
			isa = PBXFrameworksBuildPhase;
			buildActionMask = 2147483647;
			files = (
			);
			runOnlyForDeploymentPostprocessing = 0;
		};
/* End PBXFrameworksBuildPhase section */

/* Begin PBXGroup section */
		CA43459C1F9C18FD008E24C3 = {
			isa = PBXGroup;
			children = (
				CA86DA6A1FA8DBD0005E720E /* .gitignore */,
				CA4345A71F9C18FE008E24C3 /* ImageVision */,
				CA4345A61F9C18FE008E24C3 /* Products */,
			);
			sourceTree = "<group>";
		};
		CA4345A61F9C18FE008E24C3 /* Products */ = {
			isa = PBXGroup;
			children = (
				CA4345A51F9C18FD008E24C3 /* ImageVision.app */,
			);
			name = Products;
			sourceTree = "<group>";
		};
		CA4345A71F9C18FE008E24C3 /* ImageVision */ = {
			isa = PBXGroup;
			children = (
				CA9022D81F9C25B2001D308C /* Utilities */,
				CA4345BC1F9C1929008E24C3 /* Resources */,
				CA4345BB1F9C1922008E24C3 /* View */,
				CA4345BA1F9C1919008E24C3 /* Controller */,
				CA4345A81F9C18FE008E24C3 /* AppDelegate.swift */,
				CA4345AC1F9C18FE008E24C3 /* Main.storyboard */,
				CA4345AF1F9C18FE008E24C3 /* Assets.xcassets */,
				CA4345B11F9C18FE008E24C3 /* LaunchScreen.storyboard */,
				CA4345B41F9C18FE008E24C3 /* Info.plist */,
			);
			path = ImageVision;
			sourceTree = "<group>";
		};
		CA4345BA1F9C1919008E24C3 /* Controller */ = {
			isa = PBXGroup;
			children = (
				CA4345AA1F9C18FE008E24C3 /* CameraVC.swift */,
			);
			path = Controller;
			sourceTree = "<group>";
		};
		CA4345BB1F9C1922008E24C3 /* View */ = {
			isa = PBXGroup;
			children = (
				CA4345BD1F9C196F008E24C3 /* RoundedShadowView.swift */,
				CA4345BF1F9C1983008E24C3 /* RoundedShadowButton.swift */,
				CA4345C11F9C19A0008E24C3 /* RoundedShadowImageView.swift */,
			);
			path = View;
			sourceTree = "<group>";
		};
		CA4345BC1F9C1929008E24C3 /* Resources */ = {
			isa = PBXGroup;
			children = (
				CA9022D61F9C1DE7001D308C /* SqueezeNet.mlmodel */,
			);
			path = Resources;
			sourceTree = "<group>";
		};
		CA9022D81F9C25B2001D308C /* Utilities */ = {
			isa = PBXGroup;
			children = (
				CA9022D91F9C25C1001D308C /* Constants.swift */,
			);
			path = Utilities;
			sourceTree = "<group>";
		};
/* End PBXGroup section */

/* Begin PBXNativeTarget section */
		CA4345A41F9C18FD008E24C3 /* ImageVision */ = {
			isa = PBXNativeTarget;
			buildConfigurationList = CA4345B71F9C18FE008E24C3 /* Build configuration list for PBXNativeTarget "ImageVision" */;
			buildPhases = (
				CA4345A11F9C18FD008E24C3 /* Sources */,
				CA4345A21F9C18FD008E24C3 /* Frameworks */,
				CA4345A31F9C18FD008E24C3 /* Resources */,
			);
			buildRules = (
			);
			dependencies = (
			);
			name = ImageVision;
			productName = ImageVision;
			productReference = CA4345A51F9C18FD008E24C3 /* ImageVision.app */;
			productType = "com.apple.product-type.application";
		};
/* End PBXNativeTarget section */

/* Begin PBXProject section */
		CA43459D1F9C18FD008E24C3 /* Project object */ = {
			isa = PBXProject;
			attributes = {
				LastSwiftUpdateCheck = 0900;
				LastUpgradeCheck = 0900;
				ORGANIZATIONNAME = "Justin Erickson";
				TargetAttributes = {
					CA4345A41F9C18FD008E24C3 = {
						CreatedOnToolsVersion = 9.0.1;
						ProvisioningStyle = Automatic;
					};
				};
			};
			buildConfigurationList = CA4345A01F9C18FD008E24C3 /* Build configuration list for PBXProject "ImageVision" */;
			compatibilityVersion = "Xcode 8.0";
			developmentRegion = en;
			hasScannedForEncodings = 0;
			knownRegions = (
				en,
				Base,
			);
			mainGroup = CA43459C1F9C18FD008E24C3;
			productRefGroup = CA4345A61F9C18FE008E24C3 /* Products */;
			projectDirPath = "";
			projectRoot = "";
			targets = (
				CA4345A41F9C18FD008E24C3 /* ImageVision */,
			);
		};
/* End PBXProject section */

/* Begin PBXResourcesBuildPhase section */
		CA4345A31F9C18FD008E24C3 /* Resources */ = {
			isa = PBXResourcesBuildPhase;
			buildActionMask = 2147483647;
			files = (
				CA86DA6B1FA8DBD0005E720E /* .gitignore in Resources */,
				CA4345B31F9C18FE008E24C3 /* LaunchScreen.storyboard in Resources */,
				CA4345B01F9C18FE008E24C3 /* Assets.xcassets in Resources */,
				CA4345AE1F9C18FE008E24C3 /* Main.storyboard in Resources */,
			);
			runOnlyForDeploymentPostprocessing = 0;
		};
/* End PBXResourcesBuildPhase section */

/* Begin PBXSourcesBuildPhase section */
		CA4345A11F9C18FD008E24C3 /* Sources */ = {
			isa = PBXSourcesBuildPhase;
			buildActionMask = 2147483647;
			files = (
				CA4345AB1F9C18FE008E24C3 /* CameraVC.swift in Sources */,
				CA9022D71F9C1DE7001D308C /* SqueezeNet.mlmodel in Sources */,
				CA4345A91F9C18FE008E24C3 /* AppDelegate.swift in Sources */,
				CA4345BE1F9C196F008E24C3 /* RoundedShadowView.swift in Sources */,
				CA9022DA1F9C25C1001D308C /* Constants.swift in Sources */,
				CA4345C01F9C1983008E24C3 /* RoundedShadowButton.swift in Sources */,
				CA4345C21F9C19A0008E24C3 /* RoundedShadowImageView.swift in Sources */,
			);
			runOnlyForDeploymentPostprocessing = 0;
		};
/* End PBXSourcesBuildPhase section */

/* Begin PBXVariantGroup section */
		CA4345AC1F9C18FE008E24C3 /* Main.storyboard */ = {
			isa = PBXVariantGroup;
			children = (
				CA4345AD1F9C18FE008E24C3 /* Base */,
			);
			name = Main.storyboard;
			sourceTree = "<group>";
		};
		CA4345B11F9C18FE008E24C3 /* LaunchScreen.storyboard */ = {
			isa = PBXVariantGroup;
			children = (
				CA4345B21F9C18FE008E24C3 /* Base */,
			);
			name = LaunchScreen.storyboard;
			sourceTree = "<group>";
		};
/* End PBXVariantGroup section */

/* Begin XCBuildConfiguration section */
		CA4345B51F9C18FE008E24C3 /* Debug */ = {
			isa = XCBuildConfiguration;
			buildSettings = {
				ALWAYS_SEARCH_USER_PATHS = NO;
				CLANG_ANALYZER_NONNULL = YES;
				CLANG_ANALYZER_NUMBER_OBJECT_CONVERSION = YES_AGGRESSIVE;
				CLANG_CXX_LANGUAGE_STANDARD = "gnu++14";
				CLANG_CXX_LIBRARY = "libc++";
				CLANG_ENABLE_MODULES = YES;
				CLANG_ENABLE_OBJC_ARC = YES;
				CLANG_WARN_BLOCK_CAPTURE_AUTORELEASING = YES;
				CLANG_WARN_BOOL_CONVERSION = YES;
				CLANG_WARN_COMMA = YES;
				CLANG_WARN_CONSTANT_CONVERSION = YES;
				CLANG_WARN_DIRECT_OBJC_ISA_USAGE = YES_ERROR;
				CLANG_WARN_DOCUMENTATION_COMMENTS = YES;
				CLANG_WARN_EMPTY_BODY = YES;
				CLANG_WARN_ENUM_CONVERSION = YES;
				CLANG_WARN_INFINITE_RECURSION = YES;
				CLANG_WARN_INT_CONVERSION = YES;
				CLANG_WARN_NON_LITERAL_NULL_CONVERSION = YES;
				CLANG_WARN_OBJC_LITERAL_CONVERSION = YES;
				CLANG_WARN_OBJC_ROOT_CLASS = YES_ERROR;
				CLANG_WARN_RANGE_LOOP_ANALYSIS = YES;
				CLANG_WARN_STRICT_PROTOTYPES = YES;
				CLANG_WARN_SUSPICIOUS_MOVE = YES;
				CLANG_WARN_UNGUARDED_AVAILABILITY = YES_AGGRESSIVE;
				CLANG_WARN_UNREACHABLE_CODE = YES;
				CLANG_WARN__DUPLICATE_METHOD_MATCH = YES;
				CODE_SIGN_IDENTITY = "iPhone Developer";
				COPY_PHASE_STRIP = NO;
				DEBUG_INFORMATION_FORMAT = dwarf;
				ENABLE_STRICT_OBJC_MSGSEND = YES;
				ENABLE_TESTABILITY = YES;
				GCC_C_LANGUAGE_STANDARD = gnu11;
				GCC_DYNAMIC_NO_PIC = NO;
				GCC_NO_COMMON_BLOCKS = YES;
				GCC_OPTIMIZATION_LEVEL = 0;
				GCC_PREPROCESSOR_DEFINITIONS = (
					"DEBUG=1",
					"$(inherited)",
				);
				GCC_WARN_64_TO_32_BIT_CONVERSION = YES;
				GCC_WARN_ABOUT_RETURN_TYPE = YES_ERROR;
				GCC_WARN_UNDECLARED_SELECTOR = YES;
				GCC_WARN_UNINITIALIZED_AUTOS = YES_AGGRESSIVE;
				GCC_WARN_UNUSED_FUNCTION = YES;
				GCC_WARN_UNUSED_VARIABLE = YES;
				IPHONEOS_DEPLOYMENT_TARGET = 11.0;
				MTL_ENABLE_DEBUG_INFO = YES;
				ONLY_ACTIVE_ARCH = YES;
				SDKROOT = iphoneos;
				SWIFT_ACTIVE_COMPILATION_CONDITIONS = DEBUG;
				SWIFT_OPTIMIZATION_LEVEL = "-Onone";
			};
			name = Debug;
		};
		CA4345B61F9C18FE008E24C3 /* Release */ = {
			isa = XCBuildConfiguration;
			buildSettings = {
				ALWAYS_SEARCH_USER_PATHS = NO;
				CLANG_ANALYZER_NONNULL = YES;
				CLANG_ANALYZER_NUMBER_OBJECT_CONVERSION = YES_AGGRESSIVE;
				CLANG_CXX_LANGUAGE_STANDARD = "gnu++14";
				CLANG_CXX_LIBRARY = "libc++";
				CLANG_ENABLE_MODULES = YES;
				CLANG_ENABLE_OBJC_ARC = YES;
				CLANG_WARN_BLOCK_CAPTURE_AUTORELEASING = YES;
				CLANG_WARN_BOOL_CONVERSION = YES;
				CLANG_WARN_COMMA = YES;
				CLANG_WARN_CONSTANT_CONVERSION = YES;
				CLANG_WARN_DIRECT_OBJC_ISA_USAGE = YES_ERROR;
				CLANG_WARN_DOCUMENTATION_COMMENTS = YES;
				CLANG_WARN_EMPTY_BODY = YES;
				CLANG_WARN_ENUM_CONVERSION = YES;
				CLANG_WARN_INFINITE_RECURSION = YES;
				CLANG_WARN_INT_CONVERSION = YES;
				CLANG_WARN_NON_LITERAL_NULL_CONVERSION = YES;
				CLANG_WARN_OBJC_LITERAL_CONVERSION = YES;
				CLANG_WARN_OBJC_ROOT_CLASS = YES_ERROR;
				CLANG_WARN_RANGE_LOOP_ANALYSIS = YES;
				CLANG_WARN_STRICT_PROTOTYPES = YES;
				CLANG_WARN_SUSPICIOUS_MOVE = YES;
				CLANG_WARN_UNGUARDED_AVAILABILITY = YES_AGGRESSIVE;
				CLANG_WARN_UNREACHABLE_CODE = YES;
				CLANG_WARN__DUPLICATE_METHOD_MATCH = YES;
				CODE_SIGN_IDENTITY = "iPhone Developer";
				COPY_PHASE_STRIP = NO;
				DEBUG_INFORMATION_FORMAT = "dwarf-with-dsym";
				ENABLE_NS_ASSERTIONS = NO;
				ENABLE_STRICT_OBJC_MSGSEND = YES;
				GCC_C_LANGUAGE_STANDARD = gnu11;
				GCC_NO_COMMON_BLOCKS = YES;
				GCC_WARN_64_TO_32_BIT_CONVERSION = YES;
				GCC_WARN_ABOUT_RETURN_TYPE = YES_ERROR;
				GCC_WARN_UNDECLARED_SELECTOR = YES;
				GCC_WARN_UNINITIALIZED_AUTOS = YES_AGGRESSIVE;
				GCC_WARN_UNUSED_FUNCTION = YES;
				GCC_WARN_UNUSED_VARIABLE = YES;
				IPHONEOS_DEPLOYMENT_TARGET = 11.0;
				MTL_ENABLE_DEBUG_INFO = NO;
				SDKROOT = iphoneos;
				SWIFT_OPTIMIZATION_LEVEL = "-Owholemodule";
				VALIDATE_PRODUCT = YES;
			};
			name = Release;
		};
		CA4345B81F9C18FE008E24C3 /* Debug */ = {
			isa = XCBuildConfiguration;
			buildSettings = {
				ASSETCATALOG_COMPILER_APPICON_NAME = AppIcon;
				CODE_SIGN_STYLE = Automatic;
				DEVELOPMENT_TEAM = LCHZAHJK5X;
				INFOPLIST_FILE = ImageVision/Info.plist;
				LD_RUNPATH_SEARCH_PATHS = "$(inherited) @executable_path/Frameworks";
				PRODUCT_BUNDLE_IDENTIFIER = com.JustinErickson.ImageVision;
				PRODUCT_NAME = "$(TARGET_NAME)";
				SWIFT_VERSION = 4.0;
				TARGETED_DEVICE_FAMILY = "1,2";
			};
			name = Debug;
		};
		CA4345B91F9C18FE008E24C3 /* Release */ = {
			isa = XCBuildConfiguration;
			buildSettings = {
				ASSETCATALOG_COMPILER_APPICON_NAME = AppIcon;
				CODE_SIGN_STYLE = Automatic;
				DEVELOPMENT_TEAM = LCHZAHJK5X;
				INFOPLIST_FILE = ImageVision/Info.plist;
				LD_RUNPATH_SEARCH_PATHS = "$(inherited) @executable_path/Frameworks";
				PRODUCT_BUNDLE_IDENTIFIER = com.JustinErickson.ImageVision;
				PRODUCT_NAME = "$(TARGET_NAME)";
				SWIFT_VERSION = 4.0;
				TARGETED_DEVICE_FAMILY = "1,2";
			};
			name = Release;
		};
/* End XCBuildConfiguration section */

/* Begin XCConfigurationList section */
		CA4345A01F9C18FD008E24C3 /* Build configuration list for PBXProject "ImageVision" */ = {
			isa = XCConfigurationList;
			buildConfigurations = (
				CA4345B51F9C18FE008E24C3 /* Debug */,
				CA4345B61F9C18FE008E24C3 /* Release */,
			);
			defaultConfigurationIsVisible = 0;
			defaultConfigurationName = Release;
		};
		CA4345B71F9C18FE008E24C3 /* Build configuration list for PBXNativeTarget "ImageVision" */ = {
			isa = XCConfigurationList;
			buildConfigurations = (
				CA4345B81F9C18FE008E24C3 /* Debug */,
				CA4345B91F9C18FE008E24C3 /* Release */,
			);
			defaultConfigurationIsVisible = 0;
			defaultConfigurationName = Release;
		};
/* End XCConfigurationList section */
	};
	rootObject = CA43459D1F9C18FD008E24C3 /* Project object */;
}
